
Microsoft Visual Studio Solution File, Format Version 12.00
# Visual Studio Version 17
VisualStudioVersion = 17.10.35122.118
MinimumVisualStudioVersion = 10.0.40219.1
Project("{FAE04EC0-301F-11D3-BF4B-00C04F79EFBC}") = "TutorialAPI-DotNet", "TutorialAPI-DotNet\TutorialAPI-DotNet.csproj", "{F3C67F3A-9E3C-498C-A73B-66B373BC465C}"
EndProject
Global
	GlobalSection(SolutionConfigurationPlatforms) = preSolution
		Debug|Any CPU = Debug|Any CPU
		Release|Any CPU = Release|Any CPU
	EndGlobalSection
	GlobalSection(ProjectConfigurationPlatforms) = postSolution
		{F3C67F3A-9E3C-498C-A73B-66B373BC465C}.Debug|Any CPU.ActiveCfg = Debug|Any CPU
		{F3C67F3A-9E3C-498C-A73B-66B373BC465C}.Debug|Any CPU.Build.0 = Debug|Any CPU
		{F3C67F3A-9E3C-498C-A73B-66B373BC465C}.Release|Any CPU.ActiveCfg = Release|Any CPU
		{F3C67F3A-9E3C-498C-A73B-66B373BC465C}.Release|Any CPU.Build.0 = Release|Any CPU
	EndGlobalSection
	GlobalSection(SolutionProperties) = preSolution
		HideSolutionNode = FALSE
	EndGlobalSection
	GlobalSection(ExtensibilityGlobals) = postSolution
		SolutionGuid = {421F87E6-99C2-4196-8AA8-71977368B85F}
	EndGlobalSection
EndGlobal
